
Microsoft Visual Studio Solution File, Format Version 12.00
# Visual Studio Version 17
VisualStudioVersion = 17.11.35222.181
MinimumVisualStudioVersion = 10.0.40219.1
Project("{FAE04EC0-301F-11D3-BF4B-00C04F79EFBC}") = "JokesWebApp", "JokesWebApp.csproj", "{83FC6F1C-564A-43BE-80FF-78A2CCEE0E97}"
EndProject
Global
	GlobalSection(SolutionConfigurationPlatforms) = preSolution
		Debug|Any CPU = Debug|Any CPU
		Release|Any CPU = Release|Any CPU
	EndGlobalSection
	GlobalSection(ProjectConfigurationPlatforms) = postSolution
		{83FC6F1C-564A-43BE-80FF-78A2CCEE0E97}.Debug|Any CPU.ActiveCfg = Debug|Any CPU
		{83FC6F1C-564A-43BE-80FF-78A2CCEE0E97}.Debug|Any CPU.Build.0 = Debug|Any CPU
		{83FC6F1C-564A-43BE-80FF-78A2CCEE0E97}.Release|Any CPU.ActiveCfg = Release|Any CPU
		{83FC6F1C-564A-43BE-80FF-78A2CCEE0E97}.Release|Any CPU.Build.0 = Release|Any CPU
	EndGlobalSection
	GlobalSection(SolutionProperties) = preSolution
		HideSolutionNode = FALSE
	EndGlobalSection
	GlobalSection(ExtensibilityGlobals) = postSolution
		SolutionGuid = {1D31B93B-9581-47C4-AEF0-42B358BF2A81}
	EndGlobalSection
EndGlobal
